
Microsoft Visual Studio Solution File, Format Version 12.00
# Visual Studio Version 16
VisualStudioVersion = 16.0.28922.388
MinimumVisualStudioVersion = 10.0.40219.1
Project("{FAE04EC0-301F-11D3-BF4B-00C04F79EFBC}") = "MyCRM", "MyCRM\MyCRM.csproj", "{8F7B1A28-E5B7-4085-9E2C-80E6B5EA9CA5}"
EndProject
Project("{FAE04EC0-301F-11D3-BF4B-00C04F79EFBC}") = "MyCustomWorkflows", "MyCustomWorkflows\MyCustomWorkflows.csproj", "{2E8CA1D4-291B-4E93-B4CC-8A92CF373318}"
EndProject
Project("{2150E333-8FDC-42A3-9474-1A3956D46DE8}") = "Client Scripts", "Client Scripts", "{E39E64AA-F0A1-435F-BCF3-E10B2050B514}"
	ProjectSection(SolutionItems) = preProject
		ContactScripts.js = ContactScripts.js
	EndProjectSection
EndProject
Global
	GlobalSection(SolutionConfigurationPlatforms) = preSolution
		Debug|Any CPU = Debug|Any CPU
		Release|Any CPU = Release|Any CPU
	EndGlobalSection
	GlobalSection(ProjectConfigurationPlatforms) = postSolution
		{8F7B1A28-E5B7-4085-9E2C-80E6B5EA9CA5}.Debug|Any CPU.ActiveCfg = Debug|Any CPU
		{8F7B1A28-E5B7-4085-9E2C-80E6B5EA9CA5}.Debug|Any CPU.Build.0 = Debug|Any CPU
		{8F7B1A28-E5B7-4085-9E2C-80E6B5EA9CA5}.Release|Any CPU.ActiveCfg = Release|Any CPU
		{8F7B1A28-E5B7-4085-9E2C-80E6B5EA9CA5}.Release|Any CPU.Build.0 = Release|Any CPU
		{2E8CA1D4-291B-4E93-B4CC-8A92CF373318}.Debug|Any CPU.ActiveCfg = Debug|Any CPU
		{2E8CA1D4-291B-4E93-B4CC-8A92CF373318}.Debug|Any CPU.Build.0 = Debug|Any CPU
		{2E8CA1D4-291B-4E93-B4CC-8A92CF373318}.Release|Any CPU.ActiveCfg = Release|Any CPU
		{2E8CA1D4-291B-4E93-B4CC-8A92CF373318}.Release|Any CPU.Build.0 = Release|Any CPU
	EndGlobalSection
	GlobalSection(SolutionProperties) = preSolution
		HideSolutionNode = FALSE
	EndGlobalSection
	GlobalSection(ExtensibilityGlobals) = postSolution
		SolutionGuid = {7D714D29-24F7-4B36-834C-DF024C199FCF}
	EndGlobalSection
EndGlobal
